
Microsoft Visual Studio Solution File, Format Version 12.00
# Visual Studio 15
VisualStudioVersion = 15.0.28307.1169
MinimumVisualStudioVersion = 10.0.40219.1
Project("{FAE04EC0-301F-11D3-BF4B-00C04F79EFBC}") = "VietHoaLayout", "VietHoaLayout\VietHoaLayout.csproj", "{34F18F42-8F2F-45DE-B928-E8FDE51E0718}"
EndProject
Global
	GlobalSection(SolutionConfigurationPlatforms) = preSolution
		Debug|Any CPU = Debug|Any CPU
		Release|Any CPU = Release|Any CPU
	EndGlobalSection
	GlobalSection(ProjectConfigurationPlatforms) = postSolution
		{34F18F42-8F2F-45DE-B928-E8FDE51E0718}.Debug|Any CPU.ActiveCfg = Debug|Any CPU
		{34F18F42-8F2F-45DE-B928-E8FDE51E0718}.Debug|Any CPU.Build.0 = Debug|Any CPU
		{34F18F42-8F2F-45DE-B928-E8FDE51E0718}.Release|Any CPU.ActiveCfg = Release|Any CPU
		{34F18F42-8F2F-45DE-B928-E8FDE51E0718}.Release|Any CPU.Build.0 = Release|Any CPU
	EndGlobalSection
	GlobalSection(SolutionProperties) = preSolution
		HideSolutionNode = FALSE
	EndGlobalSection
	GlobalSection(ExtensibilityGlobals) = postSolution
		SolutionGuid = {5D000EDF-138F-4074-BE49-7F5005941387}
	EndGlobalSection
EndGlobal
